
Microsoft Visual Studio Solution File, Format Version 12.00
# Visual Studio Version 17
VisualStudioVersion = 17.10.35013.160
MinimumVisualStudioVersion = 10.0.40219.1
Project("{FAE04EC0-301F-11D3-BF4B-00C04F79EFBC}") = "DBFirstApproach", "DBFirstApproach.csproj", "{7EF52650-6568-4B31-963A-70EC785E2820}"
EndProject
Global
	GlobalSection(SolutionConfigurationPlatforms) = preSolution
		Debug|Any CPU = Debug|Any CPU
		Release|Any CPU = Release|Any CPU
	EndGlobalSection
	GlobalSection(ProjectConfigurationPlatforms) = postSolution
		{7EF52650-6568-4B31-963A-70EC785E2820}.Debug|Any CPU.ActiveCfg = Debug|Any CPU
		{7EF52650-6568-4B31-963A-70EC785E2820}.Debug|Any CPU.Build.0 = Debug|Any CPU
		{7EF52650-6568-4B31-963A-70EC785E2820}.Release|Any CPU.ActiveCfg = Release|Any CPU
		{7EF52650-6568-4B31-963A-70EC785E2820}.Release|Any CPU.Build.0 = Release|Any CPU
	EndGlobalSection
	GlobalSection(SolutionProperties) = preSolution
		HideSolutionNode = FALSE
	EndGlobalSection
	GlobalSection(ExtensibilityGlobals) = postSolution
		SolutionGuid = {E0B4398A-1AEC-4CF5-BE33-0857F519FA3F}
	EndGlobalSection
EndGlobal
